<?xml version="1.0" encoding="utf-8"?>
<Project ToolsVersion="4.0" xmlns="http://schemas.microsoft.com/developer/msbuild/2003">
  <ItemGroup>
    <Filter Include="ソース ファイル">
      <UniqueIdentifier>{4FC737F1-C7A5-4376-A066-2A32D752A2FF}</UniqueIdentifier>
      <Extensions>cpp;c;cc;cxx;c++;def;odl;idl;hpj;bat;asm;asmx</Extensions>
    </Filter>
    <Filter Include="ヘッダー ファイル">
      <UniqueIdentifier>{93995380-89BD-4b04-88EB-625FBE52EBFB}</UniqueIdentifier>
      <Extensions>h;hh;hpp;hxx;h++;hm;inl;inc;ipp;xsd</Extensions>
    </Filter>
    <Filter Include="リソース ファイル">
      <UniqueIdentifier>{67DA6AB6-F800-4c08-8B7A-83BB121AAD01}</UniqueIdentifier>
      <Extensions>rc;ico;cur;bmp;dlg;rc2;rct;bin;rgs;gif;jpg;jpeg;jpe;resx;tiff;tif;png;wav;mfcribbon-ms</Extensions>
    </Filter>
    <Filter Include="リソース ファイル\EngineData">
      <UniqueIdentifier>{bfe99603-bf20-4bed-b964-7b75528e3819}</UniqueIdentifier>
    </Filter>
    <Filter Include="リソース ファイル\EngineData\Translations">
      <UniqueIdentifier>{3ede1d46-93fe-4fa6-837d-91babbe9c1e1}</UniqueIdentifier>
    </Filter>
    <Filter Include="Readme">
      <UniqueIdentifier>{f0727596-9ca9-484a-ac64-a2646e1dbb39}</UniqueIdentifier>
    </Filter>
    <Filter Include="Readme\ISnow Technet Animation Script">
      <UniqueIdentifier>{91efcf6a-4c03-4dc5-a379-8a37d7eb35d5}</UniqueIdentifier>
    </Filter>
  </ItemGroup>
  <ItemGroup>
    <ClInclude Include="framework.h">
      <Filter>ヘッダー ファイル</Filter>
    </ClInclude>
    <ClInclude Include="targetver.h">
      <Filter>ヘッダー ファイル</Filter>
    </ClInclude>
    <ClInclude Include="Resource.h">
      <Filter>ヘッダー ファイル</Filter>
    </ClInclude>
    <ClInclude Include="Novels G Engine for Windows Desktop with Web-Based.h">
      <Filter>ヘッダー ファイル</Filter>
    </ClInclude>
    <ClInclude Include="pch.h">
      <Filter>ヘッダー ファイル</Filter>
    </ClInclude>
  </ItemGroup>
  <ItemGroup>
    <ClCompile Include="Novels G Engine for Windows Desktop with Web-Based.cpp">
      <Filter>ソース ファイル</Filter>
    </ClCompile>
    <ClCompile Include="pch.cpp">
      <Filter>ソース ファイル</Filter>
    </ClCompile>
  </ItemGroup>
  <ItemGroup>
    <ResourceCompile Include="Novels G Engine for Windows Desktop with Web-Based.rc">
      <Filter>リソース ファイル</Filter>
    </ResourceCompile>
  </ItemGroup>
  <ItemGroup>
    <Image Include="small.ico">
      <Filter>リソース ファイル</Filter>
    </Image>
    <Image Include="Novels G Engine for Windows Desktop with Web-Based.ico">
      <Filter>リソース ファイル</Filter>
    </Image>
  </ItemGroup>
  <ItemGroup>
    <None Include="EngineRes\Translations\en-us.json">
      <Filter>リソース ファイル\EngineData\Translations</Filter>
    </None>
    <None Include="EngineRes\Translations\ja-jp.json">
      <Filter>リソース ファイル\EngineData\Translations</Filter>
    </None>
    <None Include="EngineRes\Translations\lang.tans.Template.json">
      <Filter>リソース ファイル\EngineData\Translations</Filter>
    </None>
  </ItemGroup>
  <ItemGroup>
    <Text Include="Readmes\ISnow Technet Animation Script\Animation Script.txt">
      <Filter>Readme\ISnow Technet Animation Script</Filter>
    </Text>
  </ItemGroup>
</Project>